
Microsoft Visual Studio Solution File, Format Version 12.00
# Visual Studio Version 16
VisualStudioVersion = 16.0.30523.141
MinimumVisualStudioVersion = 10.0.40219.1
Project("{FAE04EC0-301F-11D3-BF4B-00C04F79EFBC}") = "GameFinder.WebAPI", "GameFinder.WebAPI\GameFinder.WebAPI.csproj", "{24AD0295-67A1-4058-86E1-883D67A2D2E0}"
EndProject
Global
	GlobalSection(SolutionConfigurationPlatforms) = preSolution
		Debug|Any CPU = Debug|Any CPU
		Release|Any CPU = Release|Any CPU
	EndGlobalSection
	GlobalSection(ProjectConfigurationPlatforms) = postSolution
		{24AD0295-67A1-4058-86E1-883D67A2D2E0}.Debug|Any CPU.ActiveCfg = Debug|Any CPU
		{24AD0295-67A1-4058-86E1-883D67A2D2E0}.Debug|Any CPU.Build.0 = Debug|Any CPU
		{24AD0295-67A1-4058-86E1-883D67A2D2E0}.Release|Any CPU.ActiveCfg = Release|Any CPU
		{24AD0295-67A1-4058-86E1-883D67A2D2E0}.Release|Any CPU.Build.0 = Release|Any CPU
	EndGlobalSection
	GlobalSection(SolutionProperties) = preSolution
		HideSolutionNode = FALSE
	EndGlobalSection
	GlobalSection(ExtensibilityGlobals) = postSolution
		SolutionGuid = {4BE57EAC-BAE0-448C-9562-2B75310B0D81}
	EndGlobalSection
EndGlobal
